
Microsoft Visual Studio Solution File, Format Version 12.00
# Visual Studio Version 17
VisualStudioVersion = 17.8.34330.188
MinimumVisualStudioVersion = 10.0.40219.1
Project("{FAE04EC0-301F-11D3-BF4B-00C04F79EFBC}") = "EF_HW1", "EF_HW1\EF_HW1.csproj", "{B062ABFE-3FDC-4034-BBD8-A49B1BABB4E5}"
EndProject
Global
	GlobalSection(SolutionConfigurationPlatforms) = preSolution
		Debug|Any CPU = Debug|Any CPU
		Release|Any CPU = Release|Any CPU
	EndGlobalSection
	GlobalSection(ProjectConfigurationPlatforms) = postSolution
		{B062ABFE-3FDC-4034-BBD8-A49B1BABB4E5}.Debug|Any CPU.ActiveCfg = Debug|Any CPU
		{B062ABFE-3FDC-4034-BBD8-A49B1BABB4E5}.Debug|Any CPU.Build.0 = Debug|Any CPU
		{B062ABFE-3FDC-4034-BBD8-A49B1BABB4E5}.Release|Any CPU.ActiveCfg = Release|Any CPU
		{B062ABFE-3FDC-4034-BBD8-A49B1BABB4E5}.Release|Any CPU.Build.0 = Release|Any CPU
	EndGlobalSection
	GlobalSection(SolutionProperties) = preSolution
		HideSolutionNode = FALSE
	EndGlobalSection
	GlobalSection(ExtensibilityGlobals) = postSolution
		SolutionGuid = {01789F79-B401-46B6-81BA-A60EE3B780D1}
	EndGlobalSection
EndGlobal
